
Microsoft Visual Studio Solution File, Format Version 12.00
# Visual Studio 2012
Project("{FAE04EC0-301F-11D3-BF4B-00C04F79EFBC}") = "Timetable.Models", "Tametable.Models\Timetable.Models.csproj", "{B3DA9807-EADF-4A15-9362-FA1D27B5A387}"
EndProject
Project("{FAE04EC0-301F-11D3-BF4B-00C04F79EFBC}") = "Timetable.Data", "Timetable.Data\Timetable.Data.csproj", "{9462E418-8FD9-43CF-8A16-DDC77781EA98}"
EndProject
Project("{FAE04EC0-301F-11D3-BF4B-00C04F79EFBC}") = "Timetable.Services", "Timetable.Services\Timetable.Services.csproj", "{1A1397E2-DDB9-4E72-816B-FEB101E4A685}"
EndProject
Global
	GlobalSection(SolutionConfigurationPlatforms) = preSolution
		Debug|Any CPU = Debug|Any CPU
		Release|Any CPU = Release|Any CPU
	EndGlobalSection
	GlobalSection(ProjectConfigurationPlatforms) = postSolution
		{B3DA9807-EADF-4A15-9362-FA1D27B5A387}.Debug|Any CPU.ActiveCfg = Debug|Any CPU
		{B3DA9807-EADF-4A15-9362-FA1D27B5A387}.Debug|Any CPU.Build.0 = Debug|Any CPU
		{B3DA9807-EADF-4A15-9362-FA1D27B5A387}.Release|Any CPU.ActiveCfg = Release|Any CPU
		{B3DA9807-EADF-4A15-9362-FA1D27B5A387}.Release|Any CPU.Build.0 = Release|Any CPU
		{9462E418-8FD9-43CF-8A16-DDC77781EA98}.Debug|Any CPU.ActiveCfg = Debug|Any CPU
		{9462E418-8FD9-43CF-8A16-DDC77781EA98}.Debug|Any CPU.Build.0 = Debug|Any CPU
		{9462E418-8FD9-43CF-8A16-DDC77781EA98}.Release|Any CPU.ActiveCfg = Release|Any CPU
		{9462E418-8FD9-43CF-8A16-DDC77781EA98}.Release|Any CPU.Build.0 = Release|Any CPU
		{1A1397E2-DDB9-4E72-816B-FEB101E4A685}.Debug|Any CPU.ActiveCfg = Debug|Any CPU
		{1A1397E2-DDB9-4E72-816B-FEB101E4A685}.Debug|Any CPU.Build.0 = Debug|Any CPU
		{1A1397E2-DDB9-4E72-816B-FEB101E4A685}.Release|Any CPU.ActiveCfg = Release|Any CPU
		{1A1397E2-DDB9-4E72-816B-FEB101E4A685}.Release|Any CPU.Build.0 = Release|Any CPU
	EndGlobalSection
	GlobalSection(SolutionProperties) = preSolution
		HideSolutionNode = FALSE
	EndGlobalSection
EndGlobal
